{
  "name": "react-fundamentals",
  "version": "1.0.0",
  "lockfileVersion": 1,
  "requires": true,
  "dependencies": {
    "axios": {
      "version": "0.16.2",
      "resolved": "https://registry.npmjs.org/axios/-/axios-0.16.2.tgz",
      "integrity": "sha1-uk+S8XFn37q0CYN4VFS5rBScPG0="
    },
    "babel-core": {
      "version": "6.25.0",
      "resolved": "https://registry.npmjs.org/babel-core/-/babel-core-6.25.0.tgz",
      "integrity": "sha1-fdQrBGPHQunVKW3rPsZ6kyLa1yk=",
      "dev": true
    },
    "babel-loader": {
      "version": "7.1.1",
      "resolved": "https://registry.npmjs.org/babel-loader/-/babel-loader-7.1.1.tgz",
      "integrity": "sha1-uHE0yLEuPkwqlOBUYIW8aAorhIg=",
      "dev": true
    },
    "babel-preset-env": {
      "version": "1.5.2",
      "resolved": "https://registry.npmjs.org/babel-preset-env/-/babel-preset-env-1.5.2.tgz",
      "integrity": "sha1-zUrpCm6Utwn5c3SzPl+LmDVWre8=",
      "dev": true
    },
    "babel-preset-react": {
      "version": "6.24.1",
      "resolved": "https://registry.npmjs.org/babel-preset-react/-/babel-preset-react-6.24.1.tgz",
      "integrity": "sha1-umnfrqRfw+xjm2pOzqbhdwLJE4A=",
      "dev": true
    },
    "css-loader": {
      "version": "0.28.4",
      "resolved": "https://registry.npmjs.org/css-loader/-/css-loader-0.28.4.tgz",
      "integrity": "sha1-bPNXkZLONV6LONX0Ldeh8uyJjQ8=",
      "dev": true
    },
    "html-webpack-plugin": {
      "version": "2.29.0",
      "resolved": "https://registry.npmjs.org/html-webpack-plugin/-/html-webpack-plugin-2.29.0.tgz",
      "integrity": "sha1-6Yf0IYU9O2k4yMTIFxhC5f0XryM=",
      "dev": true,
      "dependencies": {
        "loader-utils": {
          "version": "0.2.17",
          "resolved": "https://registry.npmjs.org/loader-utils/-/loader-utils-0.2.17.tgz",
          "integrity": "sha1-+G5jdNQyBabmxg6RlvF8Apm/s0g="
        }
      }
    },
    "prop-types": {
      "version": "15.5.10",
      "resolved": "https://registry.npmjs.org/prop-types/-/prop-types-15.5.10.tgz",
      "integrity": "sha1-J5ffwxJhguOpXj37suiT3ddFYVQ="
    },
    "react": {
      "version": "15.6.1",
      "resolved": "https://registry.npmjs.org/react/-/react-15.6.1.tgz",
      "integrity": "sha1-uqhDTsZ4C96ZfNw4C3nNM7ljk98="
    },
    "react-addons-update": {
      "version": "15.6.0",
      "resolved": "https://registry.npmjs.org/react-addons-update/-/react-addons-update-15.6.0.tgz",
      "integrity": "sha1-Z/jVo9PYrHzPpFJWWoMQBlF450g="
    },
    "react-dom": {
      "version": "15.6.1",
      "resolved": "https://registry.npmjs.org/react-dom/-/react-dom-15.6.1.tgz",
      "integrity": "sha1-LLDtQZEDjlPCCes6eaI+Kkz5lHA="
    },
    "style-loader": {
      "version": "0.18.2",
      "resolved": "https://registry.npmjs.org/style-loader/-/style-loader-0.18.2.tgz",
      "integrity": "sha512-WPpJPZGUxWYHWIUMNNOYqql7zh85zGmr84FdTVWq52WTIkqlW9xSxD3QYWi/T31cqn9UNSsietVEgGn2aaSCzw==",
      "dev": true
    },
    "webpack": {
      "version": "2.6.1",
      "resolved": "https://registry.npmjs.org/webpack/-/webpack-2.6.1.tgz",
      "integrity": "sha1-LgRX8KuxrF3zqxBsacZy8jZ4Xwc=",
      "dev": true,
      "dependencies": {
        "ajv": {
          "version": "4.11.8",
          "resolved": "https://registry.npmjs.org/ajv/-/ajv-4.11.8.tgz",
          "integrity": "sha1-gv+wKynmYq5TvcIK8VlHcGc5xTY="
        },
        "loader-utils": {
          "version": "0.2.17",
          "resolved": "https://registry.npmjs.org/loader-utils/-/loader-utils-0.2.17.tgz",
          "integrity": "sha1-+G5jdNQyBabmxg6RlvF8Apm/s0g="
        },
        "supports-color": {
          "version": "3.2.3",
          "resolved": "https://registry.npmjs.org/supports-color/-/supports-color-3.2.3.tgz",
          "integrity": "sha1-ZawFBLOVQXHYpklGsq48u4pfVPY="
        },
        "uglify-js": {
          "version": "2.8.29",
          "resolved": "https://registry.npmjs.org/uglify-js/-/uglify-js-2.8.29.tgz",
          "integrity": "sha1-KcVzMUgFe7Th913zW3qcty5qWd0=",
          "dependencies": {
            "yargs": {
              "version": "3.10.0",
              "resolved": "https://registry.npmjs.org/yargs/-/yargs-3.10.0.tgz",
              "integrity": "sha1-9+572FfdfB0tOMDnTvvWgdFDH9E="
            }
          }
        }
      }
    },
    "webpack-dev-server": {
      "version": "2.5.0",
      "resolved": "https://registry.npmjs.org/webpack-dev-server/-/webpack-dev-server-2.5.0.tgz",
      "integrity": "sha1-TTanKLA7iyr6SO0wJCiEfOooQK0=",
      "dev": true,
      "dependencies": {
        "supports-color": {
          "version": "3.2.3",
          "resolved": "https://registry.npmjs.org/supports-color/-/supports-color-3.2.3.tgz",
          "integrity": "sha1-ZawFBLOVQXHYpklGsq48u4pfVPY="
        }
      }
    }
  }
}
